
Microsoft Visual Studio Solution File, Format Version 12.00
# Visual Studio 15
VisualStudioVersion = 15.0.27703.2000
MinimumVisualStudioVersion = 10.0.40219.1
Project("{FAE04EC0-301F-11D3-BF4B-00C04F79EFBC}") = "Core", "Core\Core.csproj", "{206FD331-232C-4E73-994E-94DA8C17B015}"
EndProject
Project("{2150E333-8FDC-42A3-9474-1A3956D46DE8}") = "Solution Items", "Solution Items", "{38F44ABB-C784-46B1-8F41-39AE4DED952A}"
	ProjectSection(SolutionItems) = preProject
		.editorconfig = .editorconfig
	EndProjectSection
EndProject
Project("{FAE04EC0-301F-11D3-BF4B-00C04F79EFBC}") = "MapConfigure", "MapConfigure\MapConfigure.csproj", "{79C63975-25E5-42F6-860B-16A99041A60D}"
EndProject
Project("{FAE04EC0-301F-11D3-BF4B-00C04F79EFBC}") = "CoreTest", "CoreTest\CoreTest.csproj", "{D92B7332-B5DC-4F20-8291-E09AA9D6CF83}"
EndProject
Global
	GlobalSection(SolutionConfigurationPlatforms) = preSolution
		Debug|Any CPU = Debug|Any CPU
		Debug|x86 = Debug|x86
		Release|Any CPU = Release|Any CPU
		Release|x86 = Release|x86
	EndGlobalSection
	GlobalSection(ProjectConfigurationPlatforms) = postSolution
		{206FD331-232C-4E73-994E-94DA8C17B015}.Debug|Any CPU.ActiveCfg = Debug|Any CPU
		{206FD331-232C-4E73-994E-94DA8C17B015}.Debug|Any CPU.Build.0 = Debug|Any CPU
		{206FD331-232C-4E73-994E-94DA8C17B015}.Debug|x86.ActiveCfg = Debug|x86
		{206FD331-232C-4E73-994E-94DA8C17B015}.Debug|x86.Build.0 = Debug|x86
		{206FD331-232C-4E73-994E-94DA8C17B015}.Release|Any CPU.ActiveCfg = Release|Any CPU
		{206FD331-232C-4E73-994E-94DA8C17B015}.Release|Any CPU.Build.0 = Release|Any CPU
		{206FD331-232C-4E73-994E-94DA8C17B015}.Release|x86.ActiveCfg = Release|x86
		{206FD331-232C-4E73-994E-94DA8C17B015}.Release|x86.Build.0 = Release|x86
		{79C63975-25E5-42F6-860B-16A99041A60D}.Debug|Any CPU.ActiveCfg = Debug|Any CPU
		{79C63975-25E5-42F6-860B-16A99041A60D}.Debug|Any CPU.Build.0 = Debug|Any CPU
		{79C63975-25E5-42F6-860B-16A99041A60D}.Debug|x86.ActiveCfg = Debug|x86
		{79C63975-25E5-42F6-860B-16A99041A60D}.Debug|x86.Build.0 = Debug|x86
		{79C63975-25E5-42F6-860B-16A99041A60D}.Release|Any CPU.ActiveCfg = Release|Any CPU
		{79C63975-25E5-42F6-860B-16A99041A60D}.Release|Any CPU.Build.0 = Release|Any CPU
		{79C63975-25E5-42F6-860B-16A99041A60D}.Release|x86.ActiveCfg = Release|x86
		{79C63975-25E5-42F6-860B-16A99041A60D}.Release|x86.Build.0 = Release|x86
		{D92B7332-B5DC-4F20-8291-E09AA9D6CF83}.Debug|Any CPU.ActiveCfg = Debug|Any CPU
		{D92B7332-B5DC-4F20-8291-E09AA9D6CF83}.Debug|Any CPU.Build.0 = Debug|Any CPU
		{D92B7332-B5DC-4F20-8291-E09AA9D6CF83}.Debug|x86.ActiveCfg = Debug|Any CPU
		{D92B7332-B5DC-4F20-8291-E09AA9D6CF83}.Debug|x86.Build.0 = Debug|Any CPU
		{D92B7332-B5DC-4F20-8291-E09AA9D6CF83}.Release|Any CPU.ActiveCfg = Release|Any CPU
		{D92B7332-B5DC-4F20-8291-E09AA9D6CF83}.Release|Any CPU.Build.0 = Release|Any CPU
		{D92B7332-B5DC-4F20-8291-E09AA9D6CF83}.Release|x86.ActiveCfg = Release|Any CPU
		{D92B7332-B5DC-4F20-8291-E09AA9D6CF83}.Release|x86.Build.0 = Release|Any CPU
	EndGlobalSection
	GlobalSection(SolutionProperties) = preSolution
		HideSolutionNode = FALSE
	EndGlobalSection
	GlobalSection(ExtensibilityGlobals) = postSolution
		SolutionGuid = {1BF1B6BE-4585-4928-9250-255172FD8774}
	EndGlobalSection
EndGlobal
